
Microsoft Visual Studio Solution File, Format Version 12.00
# Visual Studio Version 16
VisualStudioVersion = 16.0.30011.22
MinimumVisualStudioVersion = 10.0.40219.1
Project("{FAE04EC0-301F-11D3-BF4B-00C04F79EFBC}") = "TestGitHub2020", "TestGitHub2020\TestGitHub2020.csproj", "{B1745D6A-4565-4C44-B6CB-7A7DC349282A}"
EndProject
Global
	GlobalSection(SolutionConfigurationPlatforms) = preSolution
		Debug|Any CPU = Debug|Any CPU
		Release|Any CPU = Release|Any CPU
	EndGlobalSection
	GlobalSection(ProjectConfigurationPlatforms) = postSolution
		{B1745D6A-4565-4C44-B6CB-7A7DC349282A}.Debug|Any CPU.ActiveCfg = Debug|Any CPU
		{B1745D6A-4565-4C44-B6CB-7A7DC349282A}.Debug|Any CPU.Build.0 = Debug|Any CPU
		{B1745D6A-4565-4C44-B6CB-7A7DC349282A}.Release|Any CPU.ActiveCfg = Release|Any CPU
		{B1745D6A-4565-4C44-B6CB-7A7DC349282A}.Release|Any CPU.Build.0 = Release|Any CPU
	EndGlobalSection
	GlobalSection(SolutionProperties) = preSolution
		HideSolutionNode = FALSE
	EndGlobalSection
	GlobalSection(ExtensibilityGlobals) = postSolution
		SolutionGuid = {8AECAEA2-FC4D-43DB-ABAA-20E02733E335}
	EndGlobalSection
EndGlobal
